
Microsoft Visual Studio Solution File, Format Version 12.00
Project("{FAE04EC0-301F-11D3-BF4B-00C04F79EFBC}") = "Swapsha.Api", "Swapsha.Api\Swapsha.Api.csproj", "{74D103C9-15BF-4E88-A940-035FF536BD9A}"
EndProject
Project("{FAE04EC0-301F-11D3-BF4B-00C04F79EFBC}") = "Swapsha.Api.Tests", "Swapsha.Api.Tests\Swapsha.Api.Tests.csproj", "{6A081874-FCDB-4F25-AA6F-149148121C90}"
EndProject
Global
	GlobalSection(SolutionConfigurationPlatforms) = preSolution
		Debug|Any CPU = Debug|Any CPU
		Release|Any CPU = Release|Any CPU
	EndGlobalSection
	GlobalSection(ProjectConfigurationPlatforms) = postSolution
		{74D103C9-15BF-4E88-A940-035FF536BD9A}.Debug|Any CPU.ActiveCfg = Debug|Any CPU
		{74D103C9-15BF-4E88-A940-035FF536BD9A}.Debug|Any CPU.Build.0 = Debug|Any CPU
		{74D103C9-15BF-4E88-A940-035FF536BD9A}.Release|Any CPU.ActiveCfg = Release|Any CPU
		{74D103C9-15BF-4E88-A940-035FF536BD9A}.Release|Any CPU.Build.0 = Release|Any CPU
		{6A081874-FCDB-4F25-AA6F-149148121C90}.Debug|Any CPU.ActiveCfg = Debug|Any CPU
		{6A081874-FCDB-4F25-AA6F-149148121C90}.Debug|Any CPU.Build.0 = Debug|Any CPU
		{6A081874-FCDB-4F25-AA6F-149148121C90}.Release|Any CPU.ActiveCfg = Release|Any CPU
		{6A081874-FCDB-4F25-AA6F-149148121C90}.Release|Any CPU.Build.0 = Release|Any CPU
	EndGlobalSection
EndGlobal
